
Microsoft Visual Studio Solution File, Format Version 12.00
# Visual Studio Version 17
VisualStudioVersion = 17.14.36109.1 d17.14
MinimumVisualStudioVersion = 10.0.40219.1
Project("{D2ABAB84-BF74-430A-B69E-9DC6D40DDA17}") = "ContosoRetailCubo_OLAP", "ContosoRetailCubo_OLAP\ContosoRetailCubo_OLAP.dwproj", "{950474BE-6D6F-FA66-54CB-40DB99492B83}"
EndProject
Global
	GlobalSection(SolutionConfigurationPlatforms) = preSolution
		Development|Default = Development|Default
	EndGlobalSection
	GlobalSection(ProjectConfigurationPlatforms) = postSolution
		{950474BE-6D6F-FA66-54CB-40DB99492B83}.Development|Default.ActiveCfg = Development
		{950474BE-6D6F-FA66-54CB-40DB99492B83}.Development|Default.Build.0 = Development
		{950474BE-6D6F-FA66-54CB-40DB99492B83}.Development|Default.Deploy.0 = Development
	EndGlobalSection
	GlobalSection(SolutionProperties) = preSolution
		HideSolutionNode = FALSE
	EndGlobalSection
	GlobalSection(ExtensibilityGlobals) = postSolution
		SolutionGuid = {D9981991-EE70-4CCF-99BE-94E268809908}
	EndGlobalSection
EndGlobal
